
Microsoft Visual Studio Solution File, Format Version 10.00
# Visual Studio 2008
Project("{FAE04EC0-301F-11D3-BF4B-00C04F79EFBC}") = "testWebApp", "testWebApp\testWebApp.csproj", "{F4A2FD6B-5BDE-458A-89EA-8F03C99BFED7}"
EndProject
Project("{FAE04EC0-301F-11D3-BF4B-00C04F79EFBC}") = "testBLL", "testBLL\testBLL.csproj", "{7943D432-84DE-458E-AE92-EB14E28310F7}"
EndProject
Project("{FAE04EC0-301F-11D3-BF4B-00C04F79EFBC}") = "testDAL", "testDAL\testDAL.csproj", "{E8D2CD25-E4B6-437E-BE9C-C0F4C9DC98DE}"
EndProject
Project("{FAE04EC0-301F-11D3-BF4B-00C04F79EFBC}") = "DALUtil", "DALUtil\DALUtil.csproj", "{19B4296A-F843-4B93-988C-1BD3E1DD9B23}"
EndProject
Global
	GlobalSection(SolutionConfigurationPlatforms) = preSolution
		Debug|Any CPU = Debug|Any CPU
		Release|Any CPU = Release|Any CPU
	EndGlobalSection
	GlobalSection(ProjectConfigurationPlatforms) = postSolution
		{F4A2FD6B-5BDE-458A-89EA-8F03C99BFED7}.Debug|Any CPU.ActiveCfg = Debug|Any CPU
		{F4A2FD6B-5BDE-458A-89EA-8F03C99BFED7}.Debug|Any CPU.Build.0 = Debug|Any CPU
		{F4A2FD6B-5BDE-458A-89EA-8F03C99BFED7}.Release|Any CPU.ActiveCfg = Release|Any CPU
		{F4A2FD6B-5BDE-458A-89EA-8F03C99BFED7}.Release|Any CPU.Build.0 = Release|Any CPU
		{7943D432-84DE-458E-AE92-EB14E28310F7}.Debug|Any CPU.ActiveCfg = Debug|Any CPU
		{7943D432-84DE-458E-AE92-EB14E28310F7}.Debug|Any CPU.Build.0 = Debug|Any CPU
		{7943D432-84DE-458E-AE92-EB14E28310F7}.Release|Any CPU.ActiveCfg = Release|Any CPU
		{7943D432-84DE-458E-AE92-EB14E28310F7}.Release|Any CPU.Build.0 = Release|Any CPU
		{E8D2CD25-E4B6-437E-BE9C-C0F4C9DC98DE}.Debug|Any CPU.ActiveCfg = Debug|Any CPU
		{E8D2CD25-E4B6-437E-BE9C-C0F4C9DC98DE}.Debug|Any CPU.Build.0 = Debug|Any CPU
		{E8D2CD25-E4B6-437E-BE9C-C0F4C9DC98DE}.Release|Any CPU.ActiveCfg = Release|Any CPU
		{E8D2CD25-E4B6-437E-BE9C-C0F4C9DC98DE}.Release|Any CPU.Build.0 = Release|Any CPU
		{19B4296A-F843-4B93-988C-1BD3E1DD9B23}.Debug|Any CPU.ActiveCfg = Debug|Any CPU
		{19B4296A-F843-4B93-988C-1BD3E1DD9B23}.Debug|Any CPU.Build.0 = Debug|Any CPU
		{19B4296A-F843-4B93-988C-1BD3E1DD9B23}.Release|Any CPU.ActiveCfg = Release|Any CPU
		{19B4296A-F843-4B93-988C-1BD3E1DD9B23}.Release|Any CPU.Build.0 = Release|Any CPU
	EndGlobalSection
	GlobalSection(SolutionProperties) = preSolution
		HideSolutionNode = FALSE
	EndGlobalSection
EndGlobal
